<?xml version="1.0" encoding="UTF-8"?>
<!DOCTYPE plist PUBLIC "-//Apple//DTD PLIST 1.0//EN" "http://www.apple.com/DTDs/PropertyList-1.0.dtd">
<plist version="1.0">
<dict>
	<key>archiveVersion</key>
	<string>1</string>
	<key>classes</key>
	<dict/>
	<key>objectVersion</key>
	<string>46</string>
	<key>objects</key>
	<dict>
		<key>CompilePhase_PerfectNet</key>
		<dict>
			<key>files</key>
			<array>
				<string>__src_cc_ref_Sources/Net.swift</string>
				<string>__src_cc_ref_Sources/NetEvent.swift</string>
				<string>__src_cc_ref_Sources/NetNamedPipe.swift</string>
				<string>__src_cc_ref_Sources/NetTCP.swift</string>
				<string>__src_cc_ref_Sources/NetTCPSSL.swift</string>
			</array>
			<key>isa</key>
			<string>PBXSourcesBuildPhase</string>
			<key>runOnlyForDeploymentPostprocessing</key>
			<string>0</string>
		</dict>
		<key>CompilePhase_PerfectNetTestSuite</key>
		<dict>
			<key>files</key>
			<array>
				<string>__src_cc_ref_Tests/PerfectNet/PerfectNetTests.swift</string>
			</array>
			<key>isa</key>
			<string>PBXSourcesBuildPhase</string>
			<key>runOnlyForDeploymentPostprocessing</key>
			<string>0</string>
		</dict>
		<key>CompilePhase_PerfectThread</key>
		<dict>
			<key>files</key>
			<array>
				<string>__src_cc_ref_Packages/PerfectThread-0.10.0/Sources/Threading.swift</string>
				<string>__src_cc_ref_Packages/PerfectThread-0.10.0/Sources/ThreadQueue.swift</string>
			</array>
			<key>isa</key>
			<string>PBXSourcesBuildPhase</string>
			<key>runOnlyForDeploymentPostprocessing</key>
			<string>0</string>
		</dict>
		<key>Dependencies_</key>
		<dict>
			<key>children</key>
			<array>
				<string>_______Group_PerfectThread</string>
			</array>
			<key>isa</key>
			<string>PBXGroup</string>
			<key>name</key>
			<string>Dependencies</string>
			<key>sourceTree</key>
			<string>&lt;group&gt;</string>
		</dict>
		<key>TestProducts_</key>
		<dict>
			<key>children</key>
			<array>
				<string>_____Product_PerfectNetTestSuite</string>
			</array>
			<key>isa</key>
			<string>PBXGroup</string>
			<key>name</key>
			<string>Tests</string>
			<key>sourceTree</key>
			<string>&lt;group&gt;</string>
		</dict>
		<key>_LinkFileRef_PerfectNet_via_PerfectNetTestSuite</key>
		<dict>
			<key>fileRef</key>
			<string>_____Product_PerfectNet</string>
			<key>isa</key>
			<string>PBXBuildFile</string>
		</dict>
		<key>_LinkFileRef_PerfectThread_via_PerfectNet</key>
		<dict>
			<key>fileRef</key>
			<string>_____Product_PerfectThread</string>
			<key>isa</key>
			<string>PBXBuildFile</string>
		</dict>
		<key>_LinkFileRef_PerfectThread_via_PerfectNetTestSuite</key>
		<dict>
			<key>fileRef</key>
			<string>_____Product_PerfectThread</string>
			<key>isa</key>
			<string>PBXBuildFile</string>
		</dict>
		<key>_ReleaseConf_PerfectNet</key>
		<dict>
			<key>buildSettings</key>
			<dict>
				<key>ENABLE_TESTABILITY</key>
				<string>YES</string>
				<key>FRAMEWORK_SEARCH_PATHS</key>
				<string>$(PLATFORM_DIR)/Developer/Library/Frameworks</string>
				<key>HEADER_SEARCH_PATHS</key>
				<string>/Users/jonathanguthrie/Documents/Perfect-Collection/Perfect-Net/Packages/OpenSSL-0.3.0</string>
				<key>INFOPLIST_FILE</key>
				<string>PerfectNet.xcodeproj/PerfectNet_Info.plist</string>
				<key>LD_RUNPATH_SEARCH_PATHS</key>
				<string>$(TOOLCHAIN_DIR)/usr/lib/swift/macosx</string>
				<key>OTHER_LDFLAGS</key>
				<string>$(inherited) -L/usr/local/Cellar/openssl/1.0.2g/lib -lssl -L/usr/local/Cellar/openssl/1.0.2g/lib -lcrypto</string>
				<key>OTHER_SWIFT_FLAGS</key>
				<string>$(inherited) -I/usr/local/Cellar/openssl/1.0.2g/include -I/usr/local/Cellar/openssl/1.0.2g/include</string>
				<key>PRODUCT_MODULE_NAME</key>
				<string>$(TARGET_NAME:c99extidentifier)</string>
				<key>PRODUCT_NAME</key>
				<string>$(TARGET_NAME:c99extidentifier)</string>
			</dict>
			<key>isa</key>
			<string>XCBuildConfiguration</string>
			<key>name</key>
			<string>Release</string>
		</dict>
		<key>_ReleaseConf_PerfectNetTestSuite</key>
		<dict>
			<key>buildSettings</key>
			<dict>
				<key>EMBEDDED_CONTENT_CONTAINS_SWIFT</key>
				<string>YES</string>
				<key>FRAMEWORK_SEARCH_PATHS</key>
				<string>$(PLATFORM_DIR)/Developer/Library/Frameworks</string>
				<key>HEADER_SEARCH_PATHS</key>
				<string>/Users/jonathanguthrie/Documents/Perfect-Collection/Perfect-Net/Packages/OpenSSL-0.3.0</string>
				<key>INFOPLIST_FILE</key>
				<string>PerfectNet.xcodeproj/PerfectNetTestSuite_Info.plist</string>
				<key>LD_RUNPATH_SEARCH_PATHS</key>
				<string>@loader_path/../Frameworks</string>
				<key>OTHER_LDFLAGS</key>
				<string>$(inherited) -L/usr/local/Cellar/openssl/1.0.2g/lib -lssl -L/usr/local/Cellar/openssl/1.0.2g/lib -lcrypto</string>
				<key>OTHER_SWIFT_FLAGS</key>
				<string>$(inherited) -I/usr/local/Cellar/openssl/1.0.2g/include -I/usr/local/Cellar/openssl/1.0.2g/include</string>
			</dict>
			<key>isa</key>
			<string>XCBuildConfiguration</string>
			<key>name</key>
			<string>Release</string>
		</dict>
		<key>_ReleaseConf_PerfectThread</key>
		<dict>
			<key>buildSettings</key>
			<dict>
				<key>ENABLE_TESTABILITY</key>
				<string>YES</string>
				<key>FRAMEWORK_SEARCH_PATHS</key>
				<string>$(PLATFORM_DIR)/Developer/Library/Frameworks</string>
				<key>INFOPLIST_FILE</key>
				<string>PerfectNet.xcodeproj/PerfectThread_Info.plist</string>
				<key>LD_RUNPATH_SEARCH_PATHS</key>
				<string>$(TOOLCHAIN_DIR)/usr/lib/swift/macosx</string>
				<key>OTHER_LDFLAGS</key>
				<string>$(inherited)</string>
				<key>OTHER_SWIFT_FLAGS</key>
				<string>$(inherited)</string>
				<key>PRODUCT_MODULE_NAME</key>
				<string>$(TARGET_NAME:c99extidentifier)</string>
				<key>PRODUCT_NAME</key>
				<string>$(TARGET_NAME:c99extidentifier)</string>
			</dict>
			<key>isa</key>
			<string>XCBuildConfiguration</string>
			<key>name</key>
			<string>Release</string>
		</dict>
		<key>__Dependency_PerfectNet</key>
		<dict>
			<key>isa</key>
			<string>PBXTargetDependency</string>
			<key>target</key>
			<string>______Target_PerfectNet</string>
		</dict>
		<key>__Dependency_PerfectThread</key>
		<dict>
			<key>isa</key>
			<string>PBXTargetDependency</string>
			<key>target</key>
			<string>______Target_PerfectThread</string>
		</dict>
		<key>__PBXFileRef_Package.swift</key>
		<dict>
			<key>isa</key>
			<string>PBXFileReference</string>
			<key>lastKnownFileType</key>
			<string>sourcecode.swift</string>
			<key>name</key>
			<string>Package.swift</string>
			<key>path</key>
			<string>Package.swift</string>
			<key>sourceTree</key>
			<string>&lt;group&gt;</string>
		</dict>
		<key>__PBXFileRef_Packages/PerfectThread-0.10.0/Sources/ThreadQueue.swift</key>
		<dict>
			<key>isa</key>
			<string>PBXFileReference</string>
			<key>lastKnownFileType</key>
			<string>sourcecode.swift</string>
			<key>name</key>
			<string>ThreadQueue.swift</string>
			<key>sourceTree</key>
			<string>&lt;group&gt;</string>
		</dict>
		<key>__PBXFileRef_Packages/PerfectThread-0.10.0/Sources/Threading.swift</key>
		<dict>
			<key>isa</key>
			<string>PBXFileReference</string>
			<key>lastKnownFileType</key>
			<string>sourcecode.swift</string>
			<key>name</key>
			<string>Threading.swift</string>
			<key>sourceTree</key>
			<string>&lt;group&gt;</string>
		</dict>
		<key>__PBXFileRef_PerfectNet.xcodeproj/Configs/Project.xcconfig</key>
		<dict>
			<key>isa</key>
			<string>PBXFileReference</string>
			<key>lastKnownFileType</key>
			<string>text.xcconfig</string>
			<key>name</key>
			<string>Project.xcconfig</string>
			<key>path</key>
			<string>PerfectNet.xcodeproj/Configs/Project.xcconfig</string>
			<key>sourceTree</key>
			<string>&lt;group&gt;</string>
		</dict>
		<key>__PBXFileRef_PerfectNetTestSuite_Info.plist</key>
		<dict>
			<key>isa</key>
			<string>PBXFileReference</string>
			<key>lastKnownFileType</key>
			<string>text.plist.xml</string>
			<key>name</key>
			<string>PerfectNetTestSuite_Info.plist</string>
			<key>path</key>
			<string>PerfectNet.xcodeproj/PerfectNetTestSuite_Info.plist</string>
			<key>sourceTree</key>
			<string>SOURCE_ROOT</string>
		</dict>
		<key>__PBXFileRef_PerfectNet_Info.plist</key>
		<dict>
			<key>isa</key>
			<string>PBXFileReference</string>
			<key>lastKnownFileType</key>
			<string>text.plist.xml</string>
			<key>name</key>
			<string>PerfectNet_Info.plist</string>
			<key>path</key>
			<string>PerfectNet.xcodeproj/PerfectNet_Info.plist</string>
			<key>sourceTree</key>
			<string>SOURCE_ROOT</string>
		</dict>
		<key>__PBXFileRef_PerfectThread_Info.plist</key>
		<dict>
			<key>isa</key>
			<string>PBXFileReference</string>
			<key>lastKnownFileType</key>
			<string>text.plist.xml</string>
			<key>name</key>
			<string>PerfectThread_Info.plist</string>
			<key>path</key>
			<string>PerfectNet.xcodeproj/PerfectThread_Info.plist</string>
			<key>sourceTree</key>
			<string>SOURCE_ROOT</string>
		</dict>
		<key>__PBXFileRef_Sources/Net.swift</key>
		<dict>
			<key>isa</key>
			<string>PBXFileReference</string>
			<key>lastKnownFileType</key>
			<string>sourcecode.swift</string>
			<key>name</key>
			<string>Net.swift</string>
			<key>sourceTree</key>
			<string>&lt;group&gt;</string>
		</dict>
		<key>__PBXFileRef_Sources/NetEvent.swift</key>
		<dict>
			<key>isa</key>
			<string>PBXFileReference</string>
			<key>lastKnownFileType</key>
			<string>sourcecode.swift</string>
			<key>name</key>
			<string>NetEvent.swift</string>
			<key>sourceTree</key>
			<string>&lt;group&gt;</string>
		</dict>
		<key>__PBXFileRef_Sources/NetNamedPipe.swift</key>
		<dict>
			<key>isa</key>
			<string>PBXFileReference</string>
			<key>lastKnownFileType</key>
			<string>sourcecode.swift</string>
			<key>name</key>
			<string>NetNamedPipe.swift</string>
			<key>sourceTree</key>
			<string>&lt;group&gt;</string>
		</dict>
		<key>__PBXFileRef_Sources/NetTCP.swift</key>
		<dict>
			<key>isa</key>
			<string>PBXFileReference</string>
			<key>lastKnownFileType</key>
			<string>sourcecode.swift</string>
			<key>name</key>
			<string>NetTCP.swift</string>
			<key>sourceTree</key>
			<string>&lt;group&gt;</string>
		</dict>
		<key>__PBXFileRef_Sources/NetTCPSSL.swift</key>
		<dict>
			<key>isa</key>
			<string>PBXFileReference</string>
			<key>lastKnownFileType</key>
			<string>sourcecode.swift</string>
			<key>name</key>
			<string>NetTCPSSL.swift</string>
			<key>sourceTree</key>
			<string>&lt;group&gt;</string>
		</dict>
		<key>__PBXFileRef_Tests/PerfectNet/PerfectNetTests.swift</key>
		<dict>
			<key>isa</key>
			<string>PBXFileReference</string>
			<key>lastKnownFileType</key>
			<string>sourcecode.swift</string>
			<key>name</key>
			<string>PerfectNetTests.swift</string>
			<key>sourceTree</key>
			<string>&lt;group&gt;</string>
		</dict>
		<key>__RootObject_</key>
		<dict>
			<key>attributes</key>
			<dict>
				<key>LastUpgradeCheck</key>
				<string>9999</string>
			</dict>
			<key>buildConfigurationList</key>
			<string>___RootConfs_</string>
			<key>compatibilityVersion</key>
			<string>Xcode 3.2</string>
			<key>developmentRegion</key>
			<string>English</string>
			<key>hasScannedForEncodings</key>
			<string>0</string>
			<key>isa</key>
			<string>PBXProject</string>
			<key>knownRegions</key>
			<array>
				<string>en</string>
			</array>
			<key>mainGroup</key>
			<string>___RootGroup_</string>
			<key>productRefGroup</key>
			<string>____Products_</string>
			<key>projectDirPath</key>
			<string></string>
			<key>projectReferences</key>
			<array/>
			<key>projectRoot</key>
			<string></string>
			<key>targets</key>
			<array>
				<string>______Target_PerfectThread</string>
				<string>______Target_PerfectNet</string>
				<string>______Target_PerfectNetTestSuite</string>
			</array>
		</dict>
		<key>___DebugConf_PerfectNet</key>
		<dict>
			<key>buildSettings</key>
			<dict>
				<key>ENABLE_TESTABILITY</key>
				<string>YES</string>
				<key>FRAMEWORK_SEARCH_PATHS</key>
				<string>$(PLATFORM_DIR)/Developer/Library/Frameworks</string>
				<key>HEADER_SEARCH_PATHS</key>
				<string>/Users/jonathanguthrie/Documents/Perfect-Collection/Perfect-Net/Packages/OpenSSL-0.3.0</string>
				<key>INFOPLIST_FILE</key>
				<string>PerfectNet.xcodeproj/PerfectNet_Info.plist</string>
				<key>LD_RUNPATH_SEARCH_PATHS</key>
				<string>$(TOOLCHAIN_DIR)/usr/lib/swift/macosx</string>
				<key>OTHER_LDFLAGS</key>
				<string>$(inherited) -L/usr/local/Cellar/openssl/1.0.2g/lib -lssl -L/usr/local/Cellar/openssl/1.0.2g/lib -lcrypto</string>
				<key>OTHER_SWIFT_FLAGS</key>
				<string>$(inherited) -I/usr/local/Cellar/openssl/1.0.2g/include -I/usr/local/Cellar/openssl/1.0.2g/include</string>
				<key>PRODUCT_MODULE_NAME</key>
				<string>$(TARGET_NAME:c99extidentifier)</string>
				<key>PRODUCT_NAME</key>
				<string>$(TARGET_NAME:c99extidentifier)</string>
				<key>SWIFT_OPTIMIZATION_LEVEL</key>
				<string>-Onone</string>
			</dict>
			<key>isa</key>
			<string>XCBuildConfiguration</string>
			<key>name</key>
			<string>Debug</string>
		</dict>
		<key>___DebugConf_PerfectNetTestSuite</key>
		<dict>
			<key>buildSettings</key>
			<dict>
				<key>EMBEDDED_CONTENT_CONTAINS_SWIFT</key>
				<string>YES</string>
				<key>FRAMEWORK_SEARCH_PATHS</key>
				<string>$(PLATFORM_DIR)/Developer/Library/Frameworks</string>
				<key>HEADER_SEARCH_PATHS</key>
				<string>/Users/jonathanguthrie/Documents/Perfect-Collection/Perfect-Net/Packages/OpenSSL-0.3.0</string>
				<key>INFOPLIST_FILE</key>
				<string>PerfectNet.xcodeproj/PerfectNetTestSuite_Info.plist</string>
				<key>LD_RUNPATH_SEARCH_PATHS</key>
				<string>@loader_path/../Frameworks</string>
				<key>OTHER_LDFLAGS</key>
				<string>$(inherited) -L/usr/local/Cellar/openssl/1.0.2g/lib -lssl -L/usr/local/Cellar/openssl/1.0.2g/lib -lcrypto</string>
				<key>OTHER_SWIFT_FLAGS</key>
				<string>$(inherited) -I/usr/local/Cellar/openssl/1.0.2g/include -I/usr/local/Cellar/openssl/1.0.2g/include</string>
				<key>SWIFT_OPTIMIZATION_LEVEL</key>
				<string>-Onone</string>
			</dict>
			<key>isa</key>
			<string>XCBuildConfiguration</string>
			<key>name</key>
			<string>Debug</string>
		</dict>
		<key>___DebugConf_PerfectThread</key>
		<dict>
			<key>buildSettings</key>
			<dict>
				<key>ENABLE_TESTABILITY</key>
				<string>YES</string>
				<key>FRAMEWORK_SEARCH_PATHS</key>
				<string>$(PLATFORM_DIR)/Developer/Library/Frameworks</string>
				<key>INFOPLIST_FILE</key>
				<string>PerfectNet.xcodeproj/PerfectThread_Info.plist</string>
				<key>LD_RUNPATH_SEARCH_PATHS</key>
				<string>$(TOOLCHAIN_DIR)/usr/lib/swift/macosx</string>
				<key>OTHER_LDFLAGS</key>
				<string>$(inherited)</string>
				<key>OTHER_SWIFT_FLAGS</key>
				<string>$(inherited)</string>
				<key>PRODUCT_MODULE_NAME</key>
				<string>$(TARGET_NAME:c99extidentifier)</string>
				<key>PRODUCT_NAME</key>
				<string>$(TARGET_NAME:c99extidentifier)</string>
				<key>SWIFT_OPTIMIZATION_LEVEL</key>
				<string>-Onone</string>
			</dict>
			<key>isa</key>
			<string>XCBuildConfiguration</string>
			<key>name</key>
			<string>Debug</string>
		</dict>
		<key>___LinkPhase_PerfectNet</key>
		<dict>
			<key>files</key>
			<array>
				<string>_LinkFileRef_PerfectThread_via_PerfectNet</string>
			</array>
			<key>isa</key>
			<string>PBXFrameworksBuildPhase</string>
			<key>runOnlyForDeploymentPostprocessing</key>
			<string>0</string>
		</dict>
		<key>___LinkPhase_PerfectNetTestSuite</key>
		<dict>
			<key>files</key>
			<array>
				<string>_LinkFileRef_PerfectThread_via_PerfectNetTestSuite</string>
				<string>_LinkFileRef_PerfectNet_via_PerfectNetTestSuite</string>
			</array>
			<key>isa</key>
			<string>PBXFrameworksBuildPhase</string>
			<key>runOnlyForDeploymentPostprocessing</key>
			<string>0</string>
		</dict>
		<key>___LinkPhase_PerfectThread</key>
		<dict>
			<key>files</key>
			<array/>
			<key>isa</key>
			<string>PBXFrameworksBuildPhase</string>
			<key>runOnlyForDeploymentPostprocessing</key>
			<string>0</string>
		</dict>
		<key>___RootConfs_</key>
		<dict>
			<key>buildConfigurations</key>
			<array>
				<string>_______Debug_</string>
				<string>_____Release_</string>
			</array>
			<key>defaultConfigurationIsVisible</key>
			<string>0</string>
			<key>defaultConfigurationName</key>
			<string>Debug</string>
			<key>isa</key>
			<string>XCConfigurationList</string>
		</dict>
		<key>___RootGroup_</key>
		<dict>
			<key>children</key>
			<array>
				<string>__PBXFileRef_Package.swift</string>
				<string>_____Configs_</string>
				<string>_____Sources_</string>
				<string>Dependencies_</string>
				<string>_______Tests_</string>
				<string>____Products_</string>
			</array>
			<key>isa</key>
			<string>PBXGroup</string>
			<key>sourceTree</key>
			<string>&lt;group&gt;</string>
		</dict>
		<key>____Products_</key>
		<dict>
			<key>children</key>
			<array>
				<string>TestProducts_</string>
				<string>_____Product_PerfectThread</string>
				<string>_____Product_PerfectNet</string>
			</array>
			<key>isa</key>
			<string>PBXGroup</string>
			<key>name</key>
			<string>Products</string>
			<key>sourceTree</key>
			<string>&lt;group&gt;</string>
		</dict>
		<key>_____Configs_</key>
		<dict>
			<key>children</key>
			<array>
				<string>__PBXFileRef_PerfectNet.xcodeproj/Configs/Project.xcconfig</string>
			</array>
			<key>isa</key>
			<string>PBXGroup</string>
			<key>name</key>
			<string>Configs</string>
			<key>sourceTree</key>
			<string>&lt;group&gt;</string>
		</dict>
		<key>_____Product_PerfectNet</key>
		<dict>
			<key>explicitFileType</key>
			<string>wrapper.framework</string>
			<key>isa</key>
			<string>PBXFileReference</string>
			<key>path</key>
			<string>PerfectNet.framework</string>
			<key>sourceTree</key>
			<string>BUILT_PRODUCTS_DIR</string>
		</dict>
		<key>_____Product_PerfectNetTestSuite</key>
		<dict>
			<key>explicitFileType</key>
			<string>compiled.mach-o.wrapper.cfbundle</string>
			<key>isa</key>
			<string>PBXFileReference</string>
			<key>path</key>
			<string>PerfectNetTestSuite.xctest</string>
			<key>sourceTree</key>
			<string>BUILT_PRODUCTS_DIR</string>
		</dict>
		<key>_____Product_PerfectThread</key>
		<dict>
			<key>explicitFileType</key>
			<string>wrapper.framework</string>
			<key>isa</key>
			<string>PBXFileReference</string>
			<key>path</key>
			<string>PerfectThread.framework</string>
			<key>sourceTree</key>
			<string>BUILT_PRODUCTS_DIR</string>
		</dict>
		<key>_____Release_</key>
		<dict>
			<key>baseConfigurationReference</key>
			<string>__PBXFileRef_PerfectNet.xcodeproj/Configs/Project.xcconfig</string>
			<key>buildSettings</key>
			<dict>
				<key>CLANG_ENABLE_CODE_COVERAGE</key>
				<string>YES</string>
			</dict>
			<key>isa</key>
			<string>XCBuildConfiguration</string>
			<key>name</key>
			<string>Release</string>
		</dict>
		<key>_____Sources_</key>
		<dict>
			<key>children</key>
			<array>
				<string>_______Group_PerfectThread</string>
				<string>_______Group_PerfectNet</string>
			</array>
			<key>isa</key>
			<string>PBXGroup</string>
			<key>name</key>
			<string>Sources</string>
			<key>sourceTree</key>
			<string>&lt;group&gt;</string>
		</dict>
		<key>______Target_PerfectNet</key>
		<dict>
			<key>buildConfigurationList</key>
			<string>_______Confs_PerfectNet</string>
			<key>buildPhases</key>
			<array>
				<string>CompilePhase_PerfectNet</string>
				<string>___LinkPhase_PerfectNet</string>
			</array>
			<key>buildRules</key>
			<array/>
			<key>dependencies</key>
			<array>
				<string>__Dependency_PerfectThread</string>
			</array>
			<key>isa</key>
			<string>PBXNativeTarget</string>
			<key>name</key>
			<string>PerfectNet</string>
			<key>productName</key>
			<string>PerfectNet</string>
			<key>productReference</key>
			<string>_____Product_PerfectNet</string>
			<key>productType</key>
			<string>com.apple.product-type.framework</string>
		</dict>
		<key>______Target_PerfectNetTestSuite</key>
		<dict>
			<key>buildConfigurationList</key>
			<string>_______Confs_PerfectNetTestSuite</string>
			<key>buildPhases</key>
			<array>
				<string>CompilePhase_PerfectNetTestSuite</string>
				<string>___LinkPhase_PerfectNetTestSuite</string>
			</array>
			<key>buildRules</key>
			<array/>
			<key>dependencies</key>
			<array>
				<string>__Dependency_PerfectThread</string>
				<string>__Dependency_PerfectNet</string>
			</array>
			<key>isa</key>
			<string>PBXNativeTarget</string>
			<key>name</key>
			<string>PerfectNetTestSuite</string>
			<key>productName</key>
			<string>PerfectNetTestSuite</string>
			<key>productReference</key>
			<string>_____Product_PerfectNetTestSuite</string>
			<key>productType</key>
			<string>com.apple.product-type.bundle.unit-test</string>
		</dict>
		<key>______Target_PerfectThread</key>
		<dict>
			<key>buildConfigurationList</key>
			<string>_______Confs_PerfectThread</string>
			<key>buildPhases</key>
			<array>
				<string>CompilePhase_PerfectThread</string>
				<string>___LinkPhase_PerfectThread</string>
			</array>
			<key>buildRules</key>
			<array/>
			<key>dependencies</key>
			<array/>
			<key>isa</key>
			<string>PBXNativeTarget</string>
			<key>name</key>
			<string>PerfectThread</string>
			<key>productName</key>
			<string>PerfectThread</string>
			<key>productReference</key>
			<string>_____Product_PerfectThread</string>
			<key>productType</key>
			<string>com.apple.product-type.framework</string>
		</dict>
		<key>_______Confs_PerfectNet</key>
		<dict>
			<key>buildConfigurations</key>
			<array>
				<string>___DebugConf_PerfectNet</string>
				<string>_ReleaseConf_PerfectNet</string>
			</array>
			<key>defaultConfigurationIsVisible</key>
			<string>0</string>
			<key>defaultConfigurationName</key>
			<string>Debug</string>
			<key>isa</key>
			<string>XCConfigurationList</string>
		</dict>
		<key>_______Confs_PerfectNetTestSuite</key>
		<dict>
			<key>buildConfigurations</key>
			<array>
				<string>___DebugConf_PerfectNetTestSuite</string>
				<string>_ReleaseConf_PerfectNetTestSuite</string>
			</array>
			<key>defaultConfigurationIsVisible</key>
			<string>0</string>
			<key>defaultConfigurationName</key>
			<string>Debug</string>
			<key>isa</key>
			<string>XCConfigurationList</string>
		</dict>
		<key>_______Confs_PerfectThread</key>
		<dict>
			<key>buildConfigurations</key>
			<array>
				<string>___DebugConf_PerfectThread</string>
				<string>_ReleaseConf_PerfectThread</string>
			</array>
			<key>defaultConfigurationIsVisible</key>
			<string>0</string>
			<key>defaultConfigurationName</key>
			<string>Debug</string>
			<key>isa</key>
			<string>XCConfigurationList</string>
		</dict>
		<key>_______Debug_</key>
		<dict>
			<key>baseConfigurationReference</key>
			<string>__PBXFileRef_PerfectNet.xcodeproj/Configs/Project.xcconfig</string>
			<key>buildSettings</key>
			<dict>
				<key>CLANG_ENABLE_CODE_COVERAGE</key>
				<string>YES</string>
			</dict>
			<key>isa</key>
			<string>XCBuildConfiguration</string>
			<key>name</key>
			<string>Debug</string>
		</dict>
		<key>_______Group_PerfectNet</key>
		<dict>
			<key>children</key>
			<array>
				<string>__PBXFileRef_Sources/Net.swift</string>
				<string>__PBXFileRef_Sources/NetEvent.swift</string>
				<string>__PBXFileRef_Sources/NetNamedPipe.swift</string>
				<string>__PBXFileRef_Sources/NetTCP.swift</string>
				<string>__PBXFileRef_Sources/NetTCPSSL.swift</string>
				<string>__PBXFileRef_PerfectNet_Info.plist</string>
			</array>
			<key>isa</key>
			<string>PBXGroup</string>
			<key>name</key>
			<string>PerfectNet</string>
			<key>path</key>
			<string>Sources</string>
			<key>sourceTree</key>
			<string>&lt;group&gt;</string>
		</dict>
		<key>_______Group_PerfectNetTestSuite</key>
		<dict>
			<key>children</key>
			<array>
				<string>__PBXFileRef_Tests/PerfectNet/PerfectNetTests.swift</string>
				<string>__PBXFileRef_PerfectNetTestSuite_Info.plist</string>
			</array>
			<key>isa</key>
			<string>PBXGroup</string>
			<key>name</key>
			<string>PerfectNetTestSuite</string>
			<key>path</key>
			<string>Tests/PerfectNet</string>
			<key>sourceTree</key>
			<string>&lt;group&gt;</string>
		</dict>
		<key>_______Group_PerfectThread</key>
		<dict>
			<key>children</key>
			<array>
				<string>__PBXFileRef_Packages/PerfectThread-0.10.0/Sources/Threading.swift</string>
				<string>__PBXFileRef_Packages/PerfectThread-0.10.0/Sources/ThreadQueue.swift</string>
				<string>__PBXFileRef_PerfectThread_Info.plist</string>
			</array>
			<key>isa</key>
			<string>PBXGroup</string>
			<key>name</key>
			<string>PerfectThread</string>
			<key>path</key>
			<string>Packages/PerfectThread-0.10.0/Sources</string>
			<key>sourceTree</key>
			<string>&lt;group&gt;</string>
		</dict>
		<key>_______Tests_</key>
		<dict>
			<key>children</key>
			<array>
				<string>_______Group_PerfectNetTestSuite</string>
			</array>
			<key>isa</key>
			<string>PBXGroup</string>
			<key>name</key>
			<string>Tests</string>
			<key>sourceTree</key>
			<string>&lt;group&gt;</string>
		</dict>
		<key>__src_cc_ref_Packages/PerfectThread-0.10.0/Sources/ThreadQueue.swift</key>
		<dict>
			<key>fileRef</key>
			<string>__PBXFileRef_Packages/PerfectThread-0.10.0/Sources/ThreadQueue.swift</string>
			<key>isa</key>
			<string>PBXBuildFile</string>
		</dict>
		<key>__src_cc_ref_Packages/PerfectThread-0.10.0/Sources/Threading.swift</key>
		<dict>
			<key>fileRef</key>
			<string>__PBXFileRef_Packages/PerfectThread-0.10.0/Sources/Threading.swift</string>
			<key>isa</key>
			<string>PBXBuildFile</string>
		</dict>
		<key>__src_cc_ref_Sources/Net.swift</key>
		<dict>
			<key>fileRef</key>
			<string>__PBXFileRef_Sources/Net.swift</string>
			<key>isa</key>
			<string>PBXBuildFile</string>
		</dict>
		<key>__src_cc_ref_Sources/NetEvent.swift</key>
		<dict>
			<key>fileRef</key>
			<string>__PBXFileRef_Sources/NetEvent.swift</string>
			<key>isa</key>
			<string>PBXBuildFile</string>
		</dict>
		<key>__src_cc_ref_Sources/NetNamedPipe.swift</key>
		<dict>
			<key>fileRef</key>
			<string>__PBXFileRef_Sources/NetNamedPipe.swift</string>
			<key>isa</key>
			<string>PBXBuildFile</string>
		</dict>
		<key>__src_cc_ref_Sources/NetTCP.swift</key>
		<dict>
			<key>fileRef</key>
			<string>__PBXFileRef_Sources/NetTCP.swift</string>
			<key>isa</key>
			<string>PBXBuildFile</string>
		</dict>
		<key>__src_cc_ref_Sources/NetTCPSSL.swift</key>
		<dict>
			<key>fileRef</key>
			<string>__PBXFileRef_Sources/NetTCPSSL.swift</string>
			<key>isa</key>
			<string>PBXBuildFile</string>
		</dict>
		<key>__src_cc_ref_Tests/PerfectNet/PerfectNetTests.swift</key>
		<dict>
			<key>fileRef</key>
			<string>__PBXFileRef_Tests/PerfectNet/PerfectNetTests.swift</string>
			<key>isa</key>
			<string>PBXBuildFile</string>
		</dict>
	</dict>
	<key>rootObject</key>
	<string>__RootObject_</string>
</dict>
</plist>
